
Microsoft Visual Studio Solution File, Format Version 12.00
# Visual Studio Version 16
VisualStudioVersion = 16.0.31624.102
MinimumVisualStudioVersion = 10.0.40219.1
Project("{FAE04EC0-301F-11D3-BF4B-00C04F79EFBC}") = "LAB1", "LAB1.csproj", "{2749E849-CBFB-4A8C-A71D-AFEBD5C639A3}"
EndProject
Project("{FAE04EC0-301F-11D3-BF4B-00C04F79EFBC}") = "L1Z2", "..\L1Z2\L1Z2.csproj", "{94EA553C-A019-4D57-8B0C-2168372A5AC6}"
EndProject
Project("{FAE04EC0-301F-11D3-BF4B-00C04F79EFBC}") = "L1Z3", "..\L1Z3\L1Z3.csproj", "{8A19358F-0424-46A4-B835-D024504FCD3E}"
EndProject
Global
	GlobalSection(SolutionConfigurationPlatforms) = preSolution
		Debug|Any CPU = Debug|Any CPU
		Release|Any CPU = Release|Any CPU
	EndGlobalSection
	GlobalSection(ProjectConfigurationPlatforms) = postSolution
		{2749E849-CBFB-4A8C-A71D-AFEBD5C639A3}.Debug|Any CPU.ActiveCfg = Debug|Any CPU
		{2749E849-CBFB-4A8C-A71D-AFEBD5C639A3}.Debug|Any CPU.Build.0 = Debug|Any CPU
		{2749E849-CBFB-4A8C-A71D-AFEBD5C639A3}.Release|Any CPU.ActiveCfg = Release|Any CPU
		{2749E849-CBFB-4A8C-A71D-AFEBD5C639A3}.Release|Any CPU.Build.0 = Release|Any CPU
		{94EA553C-A019-4D57-8B0C-2168372A5AC6}.Debug|Any CPU.ActiveCfg = Debug|Any CPU
		{94EA553C-A019-4D57-8B0C-2168372A5AC6}.Debug|Any CPU.Build.0 = Debug|Any CPU
		{94EA553C-A019-4D57-8B0C-2168372A5AC6}.Release|Any CPU.ActiveCfg = Release|Any CPU
		{94EA553C-A019-4D57-8B0C-2168372A5AC6}.Release|Any CPU.Build.0 = Release|Any CPU
		{8A19358F-0424-46A4-B835-D024504FCD3E}.Debug|Any CPU.ActiveCfg = Debug|Any CPU
		{8A19358F-0424-46A4-B835-D024504FCD3E}.Debug|Any CPU.Build.0 = Debug|Any CPU
		{8A19358F-0424-46A4-B835-D024504FCD3E}.Release|Any CPU.ActiveCfg = Release|Any CPU
		{8A19358F-0424-46A4-B835-D024504FCD3E}.Release|Any CPU.Build.0 = Release|Any CPU
	EndGlobalSection
	GlobalSection(SolutionProperties) = preSolution
		HideSolutionNode = FALSE
	EndGlobalSection
	GlobalSection(ExtensibilityGlobals) = postSolution
		SolutionGuid = {1578AA67-5BAC-4748-8C8B-40C746112EE7}
	EndGlobalSection
EndGlobal
